github.com/beorn7/perks v1.0.1 h1:VlbKKnNfV8bJzeqoa4cOKqO6bYr3WgKZxO8Z16+hsOM=
github.com/beorn7/perks v1.0.1/go.mod h1:G2ZrVWU2WbWT9wwq4/hrbKbnv/1ERSJQ0ibhJ6rlkpw=
github.com/cespare/xxhash/v2 v2.3.0 h1:UL815xU9SqsFlibzuggzjXhog7bL6oX9BbNZnL2UFvs=
github.com/cespare/xxhash/v2 v2.3.0/go.mod h1:VGX0DQ3Q6kWi7AoAeZDth3/j3BFtOZR5XLFGgcrjCOs=
github.com/coder/websocket v1.8.15 h1:6B2JPeOGlpff2Uz6vOEH1Vzpi0iUz20A+lPVhPHtNUA=
github.com/coder/websocket v1.8.15/go.mod h1:NX3SzP+inril6yawo5CQXx8+fk145lPDC6pumgx0mVg=
github.com/golang-jwt/jwt/v5 v5.3.1 h1:kYf81DTWFe7t+1VvL7eS+jKFVWaUnK9cB1qbwn63YCY=
github.com/golang-jwt/jwt/v5 v5.3.1/go.mod h1:fxCRLWMO43lRc8nhHWY6LGqRcf+1gQWArsqaEUEa5bE=
github.com/google/uuid v1.6.0 h1:NIvaJDMOsjHA8n1jAhLSgzrAzy1Hgr+hNrb57e+94F0=
github.com/google/uuid v1.6.0/go.mod h1:TIyPZe4MgqvfeYDBFedMoGGpEw/LqOeaOT+nhxU+yHo=
github.com/klauspost/compress v1.20.0 h1:a3C1ke2ohxFymNlb2HWAHjDeKCI90scRskErZkR0ezA=
github.com/klauspost/compress v1.20.0/go.mod h1:LUdAzn7YLVvxLpc7y3V1m40wESHTgc1422pwwBSKYuI=
github.com/munnerz/goautoneg v0.0.0-20191010083416-a7dc8b61c822 h1:C3w9PqII01/Oq1c1nUAm88MOHcQC9l5mIlSMApZMrHA=
github.com/munnerz/goautoneg v0.0.0-20191010083416-a7dc8b61c822/go.mod h1:+n7T8mK8HuQTcFwEeznm/DIxMOiR9yIdICNftLE1DvQ=
github.com/nats-io/nats.go v1.54.0 h1:vsXoOxjHp/GmPUN+EcI7uOf/uB+iAP+kEsAFNQN0yzA=
github.com/nats-io/nats.go v1.54.0/go.mod h1:y+DZoD1oBOYfZTU681eTUiUjI0vbqYGixNVFHcjHJ0k=
github.com/nats-io/nkeys v0.4.16 h1:rd5oAuLOb8mnAycB0xleuEBNS1pVVnN0fv/FF34Eypg=
github.com/nats-io/nkeys v0.4.16/go.mod h1:llLgWoI0o4z/Q57q2R1kHfmocyhGV6VG/U18Glg1Afs=
github.com/nats-io/nuid v1.0.1 h1:5iA8DT8V7q8WK2EScv2padNa/rTESc1KdnPw4TC2paw=
github.com/nats-io/nuid v1.0.1/go.mod h1:19wcPz3Ph3q0Jbyiqsd0kePYG7A95tJPxeL+1OSON2c=
github.com/pion/datachannel v1.6.2 h1:7EXQ8TH3vTouBUdRWYbcX2edSx9Yj6k5zl5P+qyxEPc=
github.com/pion/datachannel v1.6.2/go.mod h1:pzbdAZvyGtXbcHM1hBbsFaOTf40lZizU/dNlvVOak6E=
github.com/pion/dtls/v3 v3.1.8 h1:aLcgjZqzrYn5AbjSds4LvK2WI5VzJc1PencExyDjYis=
github.com/pion/dtls/v3 v3.1.8/go.mod h1:gz1K4jg6c+fq86oQMH4pilpCEOEPwmEr2jY+VcF/mkU=
github.com/pion/ice/v4 v4.4.2 h1:asS17nbHJrzlVQl8fiSJaipxrxSY3Dq6DWgmB+0VwpI=
github.com/pion/ice/v4 v4.4.2/go.mod h1:YZgNFOyJWXpLpLj0mb4ccqNAWRo9C2RtqKwuVTEz0Sc=
github.com/pion/interceptor v0.1.48 h1:FF4gZ6Yh+N75gKMYpC7rYR8DdkiMBFtA7V2OBUKo7XQ=
github.com/pion/interceptor v0.1.48/go.mod h1:5mg/N5xXMAa4codCUdrJYY9I1y4tVQhlpd7rfwAJpvI=
github.com/pion/logging v0.2.4 h1:tTew+7cmQ+Mc1pTBLKH2puKsOvhm32dROumOZ655zB8=
github.com/pion/logging v0.2.4/go.mod h1:DffhXTKYdNZU+KtJ5pyQDjvOAh/GsNSyv1lbkFbe3so=
github.com/pion/mdns/v2 v2.2.0 h1:AlAZ9MTUKtWgO+4itk35JdNak4sk5k7G/X4xnIBWHyA=
github.com/pion/mdns/v2 v2.2.0/go.mod h1:IJddx58QMlojqhQYjHcOUmvuBQ5MnLNetkb80VMvk2Y=
github.com/pion/randutil v0.1.0 h1:CFG1UdESneORglEsnimhUjf33Rwjubwj6xfiOXBa3mA=
github.com/pion/randutil v0.1.0/go.mod h1:XcJrSMMbbMRhASFVOlj/5hQial/Y8oH/HVo7TBZq+j8=
github.com/pion/rtcp v1.2.17 h1:PxiT6L79yPZKtXIsXdG1eakBl6dtBj4x+4oVEL0DlSw=
github.com/pion/rtcp v1.2.17/go.mod h1:7kBpuBJaWwax4hzc/pgexY8vkOpvh8atgYDbaKZq0iU=
github.com/pion/rtp v1.10.5 h1:ip0HhO/wYZqQ4bKS+R99KnZh/GRCmIT0jDXikub7vlE=
github.com/pion/rtp v1.10.5/go.mod h1:Au8fc6cEByy8RLTwKTQTEeQqDB/SJDxwL4mZuxYA5Pk=
github.com/pion/sctp v1.11.1 h1:O4dIFyURw1KTST7w+gtD4gLeYXkhPa0xXLHMMoe/OSA=
github.com/pion/sctp v1.11.1/go.mod h1:7KFmTwLcoYgJs/Z+99nJvsWL0qDpuyloSI0RbAqlrz0=
github.com/pion/sdp/v3 v3.0.19 h1:1VMKs3gIkTQV5M3hNKfTAPrDXSNrYtOlmOD8+mSZUGQ=
github.com/pion/sdp/v3 v3.0.19/go.mod h1:dE5WOSlzXrtiE/iuZqe9n+AcEbOjtAd3k5m5NtlV/qU=
github.com/pion/srtp/v3 v3.0.13 h1:FmQaqgNbN1vUtMhEsmj8trldc3lNZr1xmN7nl8CyX+Q=
github.com/pion/srtp/v3 v3.0.13/go.mod h1:7qR3L69t8RX0EPVQwGNwCa1Gy9keKKNDpWwQzZbeXDY=
github.com/pion/stun/v4 v4.0.0 h1:UuQy2q6iZR4EnMl/+G8kAtaWhf7jx/u8ZyN9oD4+YEQ=
github.com/pion/stun/v4 v4.0.0/go.mod h1:JAojPsPtDH4iPeNQb7kvxBdzypmkWAROxy0coApKH2E=
github.com/pion/transport/v4 v4.1.0 h1:8S+nF2reM2cJuqC6g78OVy2BBgmbdns+acx3jA97BvQ=
github.com/pion/transport/v4 v4.1.0/go.mod h1:06hFI+jCFcok2X2MekVufNZ/uzNZXivGBPfviSVcjgM=
github.com/pion/turn/v5 v5.1.0 h1:OSzLub7q4GssG1P4BEVrz39MnnJlxLy1LOvEkP9f46o=
github.com/pion/turn/v5 v5.1.0/go.mod h1:6HJQO7UAe7pEPMrTtBrmj+tTfp+Ai8KAV2+GXHFi1nQ=
github.com/pion/webrtc/v4 v4.2.20 h1:NYiNhBTFArA8aoP18a30y4LN0dyqSrF65HxU7KnhNOo=
github.com/pion/webrtc/v4 v4.2.20/go.mod h1:aLGXbekuN0tHOu7IPX1o9Y/uN29Ovfjaaz4bL2P9ND8=
github.com/prometheus/client_golang v1.24.1 h1:JnJkREXzWxUdCuPFpIWZiPispT9xVV59uiuyR2bPlnU=
github.com/prometheus/client_golang v1.24.1/go.mod h1:F+oSRECHg4sse5ucfYpYDeIv/hu68Zo0uoHKetWnzcE=
github.com/prometheus/client_model v0.6.2 h1:oBsgwpGs7iVziMvrGhE53c/GrLUsZdHnqNwqPLxwZyk=
github.com/prometheus/client_model v0.6.2/go.mod h1:y3m2F6Gdpfy6Ut/GBsUqTWZqCUvMVzSfMLjcu6wAwpE=
github.com/prometheus/common v0.70.1 h1:1HvjP4D5oL3t8RsPlwxA9onvvStjtIHYE5XuuwOi/PY=
github.com/prometheus/common v0.70.1/go.mod h1:VdFUQDMZK3VLkurFUVhia6uys/0suUp86TJz5qbJRhc=
github.com/prometheus/procfs v0.21.1 h1:GljZCt+zSTS+NZq88cyQ1LjZ+RCHp3uVuabBWA5+OJI=
github.com/prometheus/procfs v0.21.1/go.mod h1:aB55Cww9pdSJVHk0hUf0inxWyyjPogFIjmHKYgMKmtY=
github.com/wlynxg/anet v0.0.5 h1:J3VJGi1gvo0JwZ/P1/Yc/8p63SoW98B5dHkYDmpgvvU=
github.com/wlynxg/anet v0.0.5/go.mod h1:eay5PRQr7fIVAMbTbchTnO9gG65Hg/uYGdc7mguHxoA=
golang.org/x/crypto v0.54.0 h1:YLIA59K4fiNzHzjnZt2tUJQjQtUWfWbeHBqKtk3eScw=
golang.org/x/crypto v0.54.0/go.mod h1:KWL8ny2AZdGR2cWmzeHrp2azQPGogOv+HeQaVEXC2dk=
golang.org/x/crypto v0.57.0 h1:3ZVCjf8Ggz7zneR/EHRVx68Ctf+2pmIMP2UFhh9cC6M=
golang.org/x/crypto v0.57.0/go.mod h1:Fdz0i5U6CoizGwLda9DttjSk6qlZo25zYNtR+ycvuZA=
golang.org/x/net v0.57.0 h1:K5+3DljvIuDG9/Jv9rvyMywYNFCQ9RSUY6OOTTkT+tE=
golang.org/x/net v0.57.0/go.mod h1:KpXc8iv+r3XplLAG/f7Jsf9RPszJzdR0f58q9vGOuEU=
golang.org/x/net v0.58.0 h1:ynWG7rqYi4ccpTEuPZ2QGWHktVEM9DMCj9yzDE0Q7To=
golang.org/x/net v0.58.0/go.mod h1:YwCddHnFlT7eLQqVprV19OnhLGtc5xOKgE0RyqgfWAU=
golang.org/x/sys v0.47.0 h1:o7XGOvZQCADBQQ4Y7VNq2dRWQR7JmOUW8Kxx4ZsNgWs=
golang.org/x/sys v0.47.0/go.mod h1:4GL1E5IUh+htKOUEOaiffhrAeqysfVGipDYzABqnCmw=
golang.org/x/sys v0.48.0 h1:bbX/i/6MgT9BVLM9RT1thmxL04yeTAhbEz4SyadbXoo=
golang.org/x/sys v0.48.0/go.mod h1:hNLxWAXmnKAxqDtdwIYC4bM9oQPEecfsnNMuSxOs3og=
golang.org/x/time v0.14.0 h1:MRx4UaLrDotUKUdCIqzPC48t1Y9hANFKIRpNx+Te8PI=
golang.org/x/time v0.14.0/go.mod h1:eL/Oa2bBBK0TkX57Fyni+NgnyQQN4LitPmob2Hjnqw4=
google.golang.org/protobuf v1.36.11 h1:fV6ZwhNocDyBLK0dj+fg8ektcVegBBuEolpbTQyBNVE=
google.golang.org/protobuf v1.36.11/go.mod h1:HTf+CrKn2C3g5S8VImy6tdcUvCska2kB7j23XfzDpco=
